{
  "name": "sushi site - Copy",
  "lockfileVersion": 3,
  "requires": true,
  "packages": {
    "": {
      "dependencies": {
        "moment": "^2.30.1",
        "sfcookies": "^1.0.2"
      }
    },
    "node_modules/moment": {
      "version": "2.30.1",
      "resolved": "https://registry.npmjs.org/moment/-/moment-2.30.1.tgz",
      "integrity": "sha512-uEmtNhbDOrWPFS+hdjFCBfy9f2YoyzRpwcl+DqpC6taX21FzsTLQVbMV/W7PzNSX6x/bhC1zA3c2UQ5NzH6how==",
      "engines": {
        "node": "*"
      }
    },
    "node_modules/sfcookies": {
      "version": "1.0.2",
      "resolved": "https://registry.npmjs.org/sfcookies/-/sfcookies-1.0.2.tgz",
      "integrity": "sha512-RnSv7iL0li3eIIW7NlE616E23mKupGzzNU75snc+4+ZdTETJI209JUjQDZ35b12AQoLcqXd/5Ak/xUrzjaTzVw=="
    }
  }
}
